
Microsoft Visual Studio Solution File, Format Version 12.00
# Visual Studio Version 17
VisualStudioVersion = 17.4.33205.214
MinimumVisualStudioVersion = 10.0.40219.1
Project("{FAE04EC0-301F-11D3-BF4B-00C04F79EFBC}") = "Ejercicio17", "EjercicioBoligrafo17\Ejercicio17.csproj", "{08E51A04-F337-497C-B0FE-DFE3F1B0CD50}"
EndProject
Project("{FAE04EC0-301F-11D3-BF4B-00C04F79EFBC}") = "Entidades", "Boligrafo\Entidades.csproj", "{C4A90D55-AFD1-47ED-8984-8E0FDE86BF31}"
EndProject
Global
	GlobalSection(SolutionConfigurationPlatforms) = preSolution
		Debug|Any CPU = Debug|Any CPU
		Release|Any CPU = Release|Any CPU
	EndGlobalSection
	GlobalSection(ProjectConfigurationPlatforms) = postSolution
		{08E51A04-F337-497C-B0FE-DFE3F1B0CD50}.Debug|Any CPU.ActiveCfg = Debug|Any CPU
		{08E51A04-F337-497C-B0FE-DFE3F1B0CD50}.Debug|Any CPU.Build.0 = Debug|Any CPU
		{08E51A04-F337-497C-B0FE-DFE3F1B0CD50}.Release|Any CPU.ActiveCfg = Release|Any CPU
		{08E51A04-F337-497C-B0FE-DFE3F1B0CD50}.Release|Any CPU.Build.0 = Release|Any CPU
		{C4A90D55-AFD1-47ED-8984-8E0FDE86BF31}.Debug|Any CPU.ActiveCfg = Debug|Any CPU
		{C4A90D55-AFD1-47ED-8984-8E0FDE86BF31}.Debug|Any CPU.Build.0 = Debug|Any CPU
		{C4A90D55-AFD1-47ED-8984-8E0FDE86BF31}.Release|Any CPU.ActiveCfg = Release|Any CPU
		{C4A90D55-AFD1-47ED-8984-8E0FDE86BF31}.Release|Any CPU.Build.0 = Release|Any CPU
	EndGlobalSection
	GlobalSection(SolutionProperties) = preSolution
		HideSolutionNode = FALSE
	EndGlobalSection
	GlobalSection(ExtensibilityGlobals) = postSolution
		SolutionGuid = {026A598C-C686-42F0-A73E-D21A6987943E}
	EndGlobalSection
EndGlobal
